
Microsoft Visual Studio Solution File, Format Version 12.00
# Visual Studio Version 17
VisualStudioVersion = 17.6.33829.357
MinimumVisualStudioVersion = 10.0.40219.1
Project("{9A19103F-16F7-4668-BE54-9A1E7A4F7556}") = "BlazorHotelH2", "BlazorHotelH2\BlazorHotelH2.csproj", "{81F63DD1-F1C8-40F8-9A14-472AE289BC38}"
EndProject
Project("{9A19103F-16F7-4668-BE54-9A1E7A4F7556}") = "TestProject", "TestProject\TestProject.csproj", "{B5D91E0C-3EDB-467B-9331-ABA3EB6CC9C1}"
EndProject
Project("{FAE04EC0-301F-11D3-BF4B-00C04F79EFBC}") = "DomainModels", "DomainModels\DomainModels.csproj", "{4021B060-3347-481C-A44E-4B7F3DA6C939}"
EndProject
Project("{FAE04EC0-301F-11D3-BF4B-00C04F79EFBC}") = "DataAccessLayer", "DataAccessLayer\DataAccessLayer.csproj", "{66B37D97-B2F4-47C5-92B4-11B046079D95}"
EndProject
Global
	GlobalSection(SolutionConfigurationPlatforms) = preSolution
		Debug|Any CPU = Debug|Any CPU
		Release|Any CPU = Release|Any CPU
	EndGlobalSection
	GlobalSection(ProjectConfigurationPlatforms) = postSolution
		{81F63DD1-F1C8-40F8-9A14-472AE289BC38}.Debug|Any CPU.ActiveCfg = Debug|Any CPU
		{81F63DD1-F1C8-40F8-9A14-472AE289BC38}.Debug|Any CPU.Build.0 = Debug|Any CPU
		{81F63DD1-F1C8-40F8-9A14-472AE289BC38}.Release|Any CPU.ActiveCfg = Release|Any CPU
		{81F63DD1-F1C8-40F8-9A14-472AE289BC38}.Release|Any CPU.Build.0 = Release|Any CPU
		{B5D91E0C-3EDB-467B-9331-ABA3EB6CC9C1}.Debug|Any CPU.ActiveCfg = Debug|Any CPU
		{B5D91E0C-3EDB-467B-9331-ABA3EB6CC9C1}.Debug|Any CPU.Build.0 = Debug|Any CPU
		{B5D91E0C-3EDB-467B-9331-ABA3EB6CC9C1}.Release|Any CPU.ActiveCfg = Release|Any CPU
		{B5D91E0C-3EDB-467B-9331-ABA3EB6CC9C1}.Release|Any CPU.Build.0 = Release|Any CPU
		{4021B060-3347-481C-A44E-4B7F3DA6C939}.Debug|Any CPU.ActiveCfg = Debug|Any CPU
		{4021B060-3347-481C-A44E-4B7F3DA6C939}.Debug|Any CPU.Build.0 = Debug|Any CPU
		{4021B060-3347-481C-A44E-4B7F3DA6C939}.Release|Any CPU.ActiveCfg = Release|Any CPU
		{4021B060-3347-481C-A44E-4B7F3DA6C939}.Release|Any CPU.Build.0 = Release|Any CPU
		{66B37D97-B2F4-47C5-92B4-11B046079D95}.Debug|Any CPU.ActiveCfg = Debug|Any CPU
		{66B37D97-B2F4-47C5-92B4-11B046079D95}.Debug|Any CPU.Build.0 = Debug|Any CPU
		{66B37D97-B2F4-47C5-92B4-11B046079D95}.Release|Any CPU.ActiveCfg = Release|Any CPU
		{66B37D97-B2F4-47C5-92B4-11B046079D95}.Release|Any CPU.Build.0 = Release|Any CPU
	EndGlobalSection
	GlobalSection(SolutionProperties) = preSolution
		HideSolutionNode = FALSE
	EndGlobalSection
	GlobalSection(ExtensibilityGlobals) = postSolution
		SolutionGuid = {A6DED1F9-3BEB-47CD-90DC-6C51B3D18DBC}
	EndGlobalSection
EndGlobal
